{
  "name": "A11yFullMapNav",
  "version": "1.0.0",
  "lockfileVersion": 1,
  "requires": true,
  "dependencies": {
    "@types/arcgis-js-api": {
      "version": "4.6.0",
      "resolved": "https://registry.npmjs.org/@types/arcgis-js-api/-/arcgis-js-api-4.6.0.tgz",
      "integrity": "sha512-zWiQxA2Cnn47tfksLCw4W6oabNAbVdpUdWfbirp8HqQ+Z2fNdArIT85km407x3NqbmrvvG5dlxIH60DjEfso0g=="
    },
    "@types/node": {
      "version": "9.4.0",
      "resolved": "https://registry.npmjs.org/@types/node/-/node-9.4.0.tgz",
      "integrity": "sha512-zkYho6/4wZyX6o9UQ8rd0ReEaiEYNNCqYFIAACe2Tf9DrYlgzWW27OigYHnnztnnZQwVRpwWmZKegFmDpinIsA=="
    }
  }
}
